
Microsoft Visual Studio Solution File, Format Version 12.00
# Visual Studio Version 17
VisualStudioVersion = 17.5.33424.131
MinimumVisualStudioVersion = 10.0.40219.1
Project("{FAE04EC0-301F-11D3-BF4B-00C04F79EFBC}") = "GameDevProject_August", "GameDevProject_August\GameDevProject_August.csproj", "{EF3EA459-1C73-4EAA-9E1D-9BD4F9A50670}"
EndProject
Global
	GlobalSection(SolutionConfigurationPlatforms) = preSolution
		Debug|Any CPU = Debug|Any CPU
		Release|Any CPU = Release|Any CPU
	EndGlobalSection
	GlobalSection(ProjectConfigurationPlatforms) = postSolution
		{EF3EA459-1C73-4EAA-9E1D-9BD4F9A50670}.Debug|Any CPU.ActiveCfg = Debug|Any CPU
		{EF3EA459-1C73-4EAA-9E1D-9BD4F9A50670}.Debug|Any CPU.Build.0 = Debug|Any CPU
		{EF3EA459-1C73-4EAA-9E1D-9BD4F9A50670}.Release|Any CPU.ActiveCfg = Release|Any CPU
		{EF3EA459-1C73-4EAA-9E1D-9BD4F9A50670}.Release|Any CPU.Build.0 = Release|Any CPU
	EndGlobalSection
	GlobalSection(SolutionProperties) = preSolution
		HideSolutionNode = FALSE
	EndGlobalSection
	GlobalSection(ExtensibilityGlobals) = postSolution
		SolutionGuid = {84300F22-2FF0-41A1-82EE-B0F81F190CFB}
	EndGlobalSection
EndGlobal
